{
  "name": "boltpocket",
  "lockfileVersion": 3,
  "requires": true,
  "packages": {
    "": {
      "dependencies": {
        "@dicebear/core": "^10.7.0",
        "@dicebear/styles": "^10.6.0"
      }
    },
    "node_modules/@dicebear/core": {
      "version": "10.7.0",
      "resolved": "https://registry.npmjs.org/@dicebear/core/-/core-10.7.0.tgz",
      "integrity": "sha512-JUOzKOd8RUByJJo8ZL+C7YE/pvEsWewfpbWUmR8OIQZWv/PvUQHnohdevySC3icyyxe6EIU/8B/rQgA42us1QA==",
      "license": "MIT",
      "engines": {
        "node": ">=22.0.0"
      },
      "funding": {
        "url": "https://www.dicebear.com/support/"
      }
    },
    "node_modules/@dicebear/styles": {
      "version": "10.6.0",
      "resolved": "https://registry.npmjs.org/@dicebear/styles/-/styles-10.6.0.tgz",
      "integrity": "sha512-KhxbEVI+z8TaenX58+ZhIRFBt7adggu/F+8g6ZYLu43H2/lgLuWA3Kg8vHBrCVWdfTTTt1p2wUhQomIkkypTuQ==",
      "license": "SEE LICENSE IN LICENSE.md"
    }
  }
}
